
Microsoft Visual Studio Solution File, Format Version 12.00
# Visual Studio 15
VisualStudioVersion = 15.0.27428.2037
MinimumVisualStudioVersion = 10.0.40219.1
Project("{FAE04EC0-301F-11D3-BF4B-00C04F79EFBC}") = "Sleepy", "Sleepy\Sleepy.csproj", "{FBCB8313-B461-47B1-8AF2-5B95FF6BC640}"
EndProject
Project("{FAE04EC0-301F-11D3-BF4B-00C04F79EFBC}") = "SleepTightUnitTest", "SleepTightUnitTest\SleepTightUnitTest.csproj", "{5834F5B0-0E23-400B-88E7-A5BC37C8619A}"
EndProject
Global
	GlobalSection(SolutionConfigurationPlatforms) = preSolution
		Debug|ARM = Debug|ARM
		Debug|x64 = Debug|x64
		Debug|x86 = Debug|x86
		Release|ARM = Release|ARM
		Release|x64 = Release|x64
		Release|x86 = Release|x86
	EndGlobalSection
	GlobalSection(ProjectConfigurationPlatforms) = postSolution
		{FBCB8313-B461-47B1-8AF2-5B95FF6BC640}.Debug|ARM.ActiveCfg = Debug|ARM
		{FBCB8313-B461-47B1-8AF2-5B95FF6BC640}.Debug|ARM.Build.0 = Debug|ARM
		{FBCB8313-B461-47B1-8AF2-5B95FF6BC640}.Debug|ARM.Deploy.0 = Debug|ARM
		{FBCB8313-B461-47B1-8AF2-5B95FF6BC640}.Debug|x64.ActiveCfg = Debug|x64
		{FBCB8313-B461-47B1-8AF2-5B95FF6BC640}.Debug|x64.Build.0 = Debug|x64
		{FBCB8313-B461-47B1-8AF2-5B95FF6BC640}.Debug|x64.Deploy.0 = Debug|x64
		{FBCB8313-B461-47B1-8AF2-5B95FF6BC640}.Debug|x86.ActiveCfg = Debug|x86
		{FBCB8313-B461-47B1-8AF2-5B95FF6BC640}.Debug|x86.Build.0 = Debug|x86
		{FBCB8313-B461-47B1-8AF2-5B95FF6BC640}.Debug|x86.Deploy.0 = Debug|x86
		{FBCB8313-B461-47B1-8AF2-5B95FF6BC640}.Release|ARM.ActiveCfg = Release|ARM
		{FBCB8313-B461-47B1-8AF2-5B95FF6BC640}.Release|ARM.Build.0 = Release|ARM
		{FBCB8313-B461-47B1-8AF2-5B95FF6BC640}.Release|ARM.Deploy.0 = Release|ARM
		{FBCB8313-B461-47B1-8AF2-5B95FF6BC640}.Release|x64.ActiveCfg = Release|x64
		{FBCB8313-B461-47B1-8AF2-5B95FF6BC640}.Release|x64.Build.0 = Release|x64
		{FBCB8313-B461-47B1-8AF2-5B95FF6BC640}.Release|x64.Deploy.0 = Release|x64
		{FBCB8313-B461-47B1-8AF2-5B95FF6BC640}.Release|x86.ActiveCfg = Release|x86
		{FBCB8313-B461-47B1-8AF2-5B95FF6BC640}.Release|x86.Build.0 = Release|x86
		{FBCB8313-B461-47B1-8AF2-5B95FF6BC640}.Release|x86.Deploy.0 = Release|x86
		{5834F5B0-0E23-400B-88E7-A5BC37C8619A}.Debug|ARM.ActiveCfg = Debug|ARM
		{5834F5B0-0E23-400B-88E7-A5BC37C8619A}.Debug|ARM.Build.0 = Debug|ARM
		{5834F5B0-0E23-400B-88E7-A5BC37C8619A}.Debug|ARM.Deploy.0 = Debug|ARM
		{5834F5B0-0E23-400B-88E7-A5BC37C8619A}.Debug|x64.ActiveCfg = Debug|x64
		{5834F5B0-0E23-400B-88E7-A5BC37C8619A}.Debug|x64.Build.0 = Debug|x64
		{5834F5B0-0E23-400B-88E7-A5BC37C8619A}.Debug|x64.Deploy.0 = Debug|x64
		{5834F5B0-0E23-400B-88E7-A5BC37C8619A}.Debug|x86.ActiveCfg = Debug|x86
		{5834F5B0-0E23-400B-88E7-A5BC37C8619A}.Debug|x86.Build.0 = Debug|x86
		{5834F5B0-0E23-400B-88E7-A5BC37C8619A}.Debug|x86.Deploy.0 = Debug|x86
		{5834F5B0-0E23-400B-88E7-A5BC37C8619A}.Release|ARM.ActiveCfg = Release|ARM
		{5834F5B0-0E23-400B-88E7-A5BC37C8619A}.Release|ARM.Build.0 = Release|ARM
		{5834F5B0-0E23-400B-88E7-A5BC37C8619A}.Release|ARM.Deploy.0 = Release|ARM
		{5834F5B0-0E23-400B-88E7-A5BC37C8619A}.Release|x64.ActiveCfg = Release|x64
		{5834F5B0-0E23-400B-88E7-A5BC37C8619A}.Release|x64.Build.0 = Release|x64
		{5834F5B0-0E23-400B-88E7-A5BC37C8619A}.Release|x64.Deploy.0 = Release|x64
		{5834F5B0-0E23-400B-88E7-A5BC37C8619A}.Release|x86.ActiveCfg = Release|x86
		{5834F5B0-0E23-400B-88E7-A5BC37C8619A}.Release|x86.Build.0 = Release|x86
		{5834F5B0-0E23-400B-88E7-A5BC37C8619A}.Release|x86.Deploy.0 = Release|x86
	EndGlobalSection
	GlobalSection(SolutionProperties) = preSolution
		HideSolutionNode = FALSE
	EndGlobalSection
	GlobalSection(ExtensibilityGlobals) = postSolution
		SolutionGuid = {2D6709E0-498B-4650-AEB1-4C5D472BC6A1}
	EndGlobalSection
EndGlobal
